
Microsoft Visual Studio Solution File, Format Version 12.00
# Visual Studio Version 16
VisualStudioVersion = 16.0.30225.117
MinimumVisualStudioVersion = 10.0.40219.1
Project("{FAE04EC0-301F-11D3-BF4B-00C04F79EFBC}") = "Basic", "Basic\Basic.csproj", "{61174558-E80B-4256-AFE9-9EC5EF524003}"
EndProject
Global
	GlobalSection(SolutionConfigurationPlatforms) = preSolution
		Debug|Any CPU = Debug|Any CPU
		Release|Any CPU = Release|Any CPU
	EndGlobalSection
	GlobalSection(ProjectConfigurationPlatforms) = postSolution
		{61174558-E80B-4256-AFE9-9EC5EF524003}.Debug|Any CPU.ActiveCfg = Debug|Any CPU
		{61174558-E80B-4256-AFE9-9EC5EF524003}.Debug|Any CPU.Build.0 = Debug|Any CPU
		{61174558-E80B-4256-AFE9-9EC5EF524003}.Release|Any CPU.ActiveCfg = Release|Any CPU
		{61174558-E80B-4256-AFE9-9EC5EF524003}.Release|Any CPU.Build.0 = Release|Any CPU
	EndGlobalSection
	GlobalSection(SolutionProperties) = preSolution
		HideSolutionNode = FALSE
	EndGlobalSection
	GlobalSection(ExtensibilityGlobals) = postSolution
		SolutionGuid = {AD9710E6-F43B-4A74-AC61-3241CFF55039}
	EndGlobalSection
EndGlobal
